
Microsoft Visual Studio Solution File, Format Version 12.00
# Visual Studio Version 16
VisualStudioVersion = 16.0.30309.148
MinimumVisualStudioVersion = 10.0.40219.1
Project("{FAE04EC0-301F-11D3-BF4B-00C04F79EFBC}") = "HomeWork10", "HomeWork10\HomeWork10.csproj", "{26C633C4-B17F-43AC-A0C4-CCAA8CB1545A}"
EndProject
Global
	GlobalSection(SolutionConfigurationPlatforms) = preSolution
		Debug|Any CPU = Debug|Any CPU
		Release|Any CPU = Release|Any CPU
	EndGlobalSection
	GlobalSection(ProjectConfigurationPlatforms) = postSolution
		{26C633C4-B17F-43AC-A0C4-CCAA8CB1545A}.Debug|Any CPU.ActiveCfg = Debug|Any CPU
		{26C633C4-B17F-43AC-A0C4-CCAA8CB1545A}.Debug|Any CPU.Build.0 = Debug|Any CPU
		{26C633C4-B17F-43AC-A0C4-CCAA8CB1545A}.Release|Any CPU.ActiveCfg = Release|Any CPU
		{26C633C4-B17F-43AC-A0C4-CCAA8CB1545A}.Release|Any CPU.Build.0 = Release|Any CPU
	EndGlobalSection
	GlobalSection(SolutionProperties) = preSolution
		HideSolutionNode = FALSE
	EndGlobalSection
	GlobalSection(ExtensibilityGlobals) = postSolution
		SolutionGuid = {FC7DEDCF-899B-463C-897D-0A765DAAE177}
	EndGlobalSection
EndGlobal
