
Microsoft Visual Studio Solution File, Format Version 12.00
# Visual Studio Version 16
VisualStudioVersion = 16.0.30309.148
MinimumVisualStudioVersion = 10.0.40219.1
Project("{FAE04EC0-301F-11D3-BF4B-00C04F79EFBC}") = "HomeWork3.2", "HomeWork3.2\HomeWork3.2.csproj", "{4D48C661-BD35-4549-88C3-3EE2F3258071}"
EndProject
Global
	GlobalSection(SolutionConfigurationPlatforms) = preSolution
		Debug|Any CPU = Debug|Any CPU
		Release|Any CPU = Release|Any CPU
	EndGlobalSection
	GlobalSection(ProjectConfigurationPlatforms) = postSolution
		{4D48C661-BD35-4549-88C3-3EE2F3258071}.Debug|Any CPU.ActiveCfg = Debug|Any CPU
		{4D48C661-BD35-4549-88C3-3EE2F3258071}.Debug|Any CPU.Build.0 = Debug|Any CPU
		{4D48C661-BD35-4549-88C3-3EE2F3258071}.Release|Any CPU.ActiveCfg = Release|Any CPU
		{4D48C661-BD35-4549-88C3-3EE2F3258071}.Release|Any CPU.Build.0 = Release|Any CPU
	EndGlobalSection
	GlobalSection(SolutionProperties) = preSolution
		HideSolutionNode = FALSE
	EndGlobalSection
	GlobalSection(ExtensibilityGlobals) = postSolution
		SolutionGuid = {56612F58-0D64-4E3B-94B5-6DD5BA339F9F}
	EndGlobalSection
EndGlobal
