
Microsoft Visual Studio Solution File, Format Version 12.00
# Visual Studio Version 16
VisualStudioVersion = 16.0.30309.148
MinimumVisualStudioVersion = 10.0.40219.1
Project("{FAE04EC0-301F-11D3-BF4B-00C04F79EFBC}") = "HomeWork5.2_Strs", "HomeWork5.2_Strs\HomeWork5.2_Strs.csproj", "{86C55227-BF83-4EB5-8F5B-C414FA0D9A72}"
EndProject
Global
	GlobalSection(SolutionConfigurationPlatforms) = preSolution
		Debug|Any CPU = Debug|Any CPU
		Release|Any CPU = Release|Any CPU
	EndGlobalSection
	GlobalSection(ProjectConfigurationPlatforms) = postSolution
		{86C55227-BF83-4EB5-8F5B-C414FA0D9A72}.Debug|Any CPU.ActiveCfg = Debug|Any CPU
		{86C55227-BF83-4EB5-8F5B-C414FA0D9A72}.Debug|Any CPU.Build.0 = Debug|Any CPU
		{86C55227-BF83-4EB5-8F5B-C414FA0D9A72}.Release|Any CPU.ActiveCfg = Release|Any CPU
		{86C55227-BF83-4EB5-8F5B-C414FA0D9A72}.Release|Any CPU.Build.0 = Release|Any CPU
	EndGlobalSection
	GlobalSection(SolutionProperties) = preSolution
		HideSolutionNode = FALSE
	EndGlobalSection
	GlobalSection(ExtensibilityGlobals) = postSolution
		SolutionGuid = {6B6AB3F9-F437-44DA-9BA4-385EDF456EBA}
	EndGlobalSection
EndGlobal
